
Microsoft Visual Studio Solution File, Format Version 12.00
# Visual Studio Version 17
VisualStudioVersion = 17.13.35825.156 d17.13
MinimumVisualStudioVersion = 10.0.40219.1
Project("{FAE04EC0-301F-11D3-BF4B-00C04F79EFBC}") = "day10_winform", "day10_winform\day10_winform.csproj", "{F969DC75-4B30-4259-9420-41D639AE25C0}"
EndProject
Global
	GlobalSection(SolutionConfigurationPlatforms) = preSolution
		Debug|Any CPU = Debug|Any CPU
		Release|Any CPU = Release|Any CPU
	EndGlobalSection
	GlobalSection(ProjectConfigurationPlatforms) = postSolution
		{F969DC75-4B30-4259-9420-41D639AE25C0}.Debug|Any CPU.ActiveCfg = Debug|Any CPU
		{F969DC75-4B30-4259-9420-41D639AE25C0}.Debug|Any CPU.Build.0 = Debug|Any CPU
		{F969DC75-4B30-4259-9420-41D639AE25C0}.Release|Any CPU.ActiveCfg = Release|Any CPU
		{F969DC75-4B30-4259-9420-41D639AE25C0}.Release|Any CPU.Build.0 = Release|Any CPU
	EndGlobalSection
	GlobalSection(SolutionProperties) = preSolution
		HideSolutionNode = FALSE
	EndGlobalSection
	GlobalSection(ExtensibilityGlobals) = postSolution
		SolutionGuid = {9048E658-F3C3-40FE-BE80-D4A31F9D1BCF}
	EndGlobalSection
EndGlobal
